
Microsoft Visual Studio Solution File, Format Version 12.00
# Visual Studio 15
Project("{FAE04EC0-301F-11D3-BF4B-00C04F79EFBC}") = "corert-db", "corert-db.csproj", "{6B731A8D-5E7A-4DF5-B4AF-FB2BE34B4427}"
EndProject
Global
	GlobalSection(SolutionConfigurationPlatforms) = preSolution
		Debug|Any CPU = Debug|Any CPU
		Release|Any CPU = Release|Any CPU
	EndGlobalSection
	GlobalSection(ProjectConfigurationPlatforms) = postSolution
		{6B731A8D-5E7A-4DF5-B4AF-FB2BE34B4427}.Debug|Any CPU.ActiveCfg = Debug|Any CPU
		{6B731A8D-5E7A-4DF5-B4AF-FB2BE34B4427}.Debug|Any CPU.Build.0 = Debug|Any CPU
		{6B731A8D-5E7A-4DF5-B4AF-FB2BE34B4427}.Release|Any CPU.ActiveCfg = Release|Any CPU
		{6B731A8D-5E7A-4DF5-B4AF-FB2BE34B4427}.Release|Any CPU.Build.0 = Release|Any CPU
	EndGlobalSection
EndGlobal
